github.com/OdinPogi/gopher v0.0.0-20191025195005-757159f63c24 h1:jJXnT8leYoN4mKw7WGk7nuis/XIYSFpCEXxITIm0Ei8=
github.com/OdinPogi/gopher/modules/libpackage v0.0.0-20191025195005-757159f63c24 h1:Pg6KKLUHzhYgc9d7BnqHQtnnGSj7OFpDSbdnT39dPnY=
github.com/OdinPogi/gopher/modules/libpackage v0.0.0-20191025195005-757159f63c24/go.mod h1:s4RDVNxIwAY3iNi4df/7Ip+gL5jV7mDTUAJxz1n6sDQ=
